
Microsoft Visual Studio Solution File, Format Version 12.00
# Visual Studio Version 16
VisualStudioVersion = 16.0.32106.194
MinimumVisualStudioVersion = 10.0.40219.1
Project("{FAE04EC0-301F-11D3-BF4B-00C04F79EFBC}") = "WpfDate", "WpfDate\WpfDate.csproj", "{614003E7-4C2D-4D19-B9D6-BAC983C9447E}"
EndProject
Global
	GlobalSection(SolutionConfigurationPlatforms) = preSolution
		Debug|Any CPU = Debug|Any CPU
		Release|Any CPU = Release|Any CPU
	EndGlobalSection
	GlobalSection(ProjectConfigurationPlatforms) = postSolution
		{614003E7-4C2D-4D19-B9D6-BAC983C9447E}.Debug|Any CPU.ActiveCfg = Debug|Any CPU
		{614003E7-4C2D-4D19-B9D6-BAC983C9447E}.Debug|Any CPU.Build.0 = Debug|Any CPU
		{614003E7-4C2D-4D19-B9D6-BAC983C9447E}.Release|Any CPU.ActiveCfg = Release|Any CPU
		{614003E7-4C2D-4D19-B9D6-BAC983C9447E}.Release|Any CPU.Build.0 = Release|Any CPU
	EndGlobalSection
	GlobalSection(SolutionProperties) = preSolution
		HideSolutionNode = FALSE
	EndGlobalSection
	GlobalSection(ExtensibilityGlobals) = postSolution
		SolutionGuid = {430B5F9D-1C77-4D6A-821E-202B225A885F}
	EndGlobalSection
EndGlobal
